uuid: 0d6e73d5-320d-4f5b-94ff-26b98cda41d3
langcode: da
status: true
dependencies:
  content:
    - 'block_content:footer_contact_block:635342fd-114b-40cc-9127-7f6eafb40e07'
  module:
    - block_content
  theme:
    - devteam
id: footer_contact_block
theme: devteam
region: footer
weight: -1
provider: null
plugin: 'block_content:635342fd-114b-40cc-9127-7f6eafb40e07'
settings:
  id: 'block_content:635342fd-114b-40cc-9127-7f6eafb40e07'
  label: Kontakt
  provider: block_content
  label_display: visible
  status: true
  info: ''
  view_mode: full
visibility: {  }
