uuid: c42ca339-3fd4-4843-85ef-d7c8598ba1d0
langcode: da
status: true
dependencies:
  config:
    - block_content.type.footer_contact_block
id: block_content.footer_contact_block
target_entity_type_id: block_content
target_bundle: footer_contact_block
default_langcode: site_default
language_alterable: false
